
Microsoft Visual Studio Solution File, Format Version 12.00
# Visual Studio Version 17
VisualStudioVersion = 17.2.32505.173
MinimumVisualStudioVersion = 10.0.40219.1
Project("{8BC9CEB8-8B4A-11D0-8D11-00A0C91BC942}") = "Cpp_ConsoleTest1", "Cpp_ConsoleTest1\Cpp_ConsoleTest1.vcxproj", "{78A2B783-58E1-4882-89F1-3E257246C771}"
EndProject
Project("{FAE04EC0-301F-11D3-BF4B-00C04F79EFBC}") = "CSharp_ConsoleTest1", "CSharp_ConsoleTest1\CSharp_ConsoleTest1.csproj", "{C2D45B9C-E124-4A82-9005-A105184B3899}"
EndProject
Global
	GlobalSection(SolutionConfigurationPlatforms) = preSolution
		Debug|Any CPU = Debug|Any CPU
		Debug|ARM = Debug|ARM
		Debug|ARM64 = Debug|ARM64
		Debug|x64 = Debug|x64
		Debug|x86 = Debug|x86
		Release|Any CPU = Release|Any CPU
		Release|ARM = Release|ARM
		Release|ARM64 = Release|ARM64
		Release|x64 = Release|x64
		Release|x86 = Release|x86
	EndGlobalSection
	GlobalSection(ProjectConfigurationPlatforms) = postSolution
		{78A2B783-58E1-4882-89F1-3E257246C771}.Debug|Any CPU.ActiveCfg = Debug|x64
		{78A2B783-58E1-4882-89F1-3E257246C771}.Debug|Any CPU.Build.0 = Debug|x64
		{78A2B783-58E1-4882-89F1-3E257246C771}.Debug|ARM.ActiveCfg = Debug|ARM
		{78A2B783-58E1-4882-89F1-3E257246C771}.Debug|ARM.Build.0 = Debug|ARM
		{78A2B783-58E1-4882-89F1-3E257246C771}.Debug|ARM64.ActiveCfg = Debug|ARM64
		{78A2B783-58E1-4882-89F1-3E257246C771}.Debug|ARM64.Build.0 = Debug|ARM64
		{78A2B783-58E1-4882-89F1-3E257246C771}.Debug|x64.ActiveCfg = Debug|x64
		{78A2B783-58E1-4882-89F1-3E257246C771}.Debug|x64.Build.0 = Debug|x64
		{78A2B783-58E1-4882-89F1-3E257246C771}.Debug|x86.ActiveCfg = Debug|Win32
		{78A2B783-58E1-4882-89F1-3E257246C771}.Debug|x86.Build.0 = Debug|Win32
		{78A2B783-58E1-4882-89F1-3E257246C771}.Release|Any CPU.ActiveCfg = Release|x64
		{78A2B783-58E1-4882-89F1-3E257246C771}.Release|Any CPU.Build.0 = Release|x64
		{78A2B783-58E1-4882-89F1-3E257246C771}.Release|ARM.ActiveCfg = Release|ARM
		{78A2B783-58E1-4882-89F1-3E257246C771}.Release|ARM.Build.0 = Release|ARM
		{78A2B783-58E1-4882-89F1-3E257246C771}.Release|ARM64.ActiveCfg = Release|ARM64
		{78A2B783-58E1-4882-89F1-3E257246C771}.Release|ARM64.Build.0 = Release|ARM64
		{78A2B783-58E1-4882-89F1-3E257246C771}.Release|x64.ActiveCfg = Release|x64
		{78A2B783-58E1-4882-89F1-3E257246C771}.Release|x64.Build.0 = Release|x64
		{78A2B783-58E1-4882-89F1-3E257246C771}.Release|x86.ActiveCfg = Release|Win32
		{78A2B783-58E1-4882-89F1-3E257246C771}.Release|x86.Build.0 = Release|Win32
		{C2D45B9C-E124-4A82-9005-A105184B3899}.Debug|Any CPU.ActiveCfg = Debug|Any CPU
		{C2D45B9C-E124-4A82-9005-A105184B3899}.Debug|Any CPU.Build.0 = Debug|Any CPU
		{C2D45B9C-E124-4A82-9005-A105184B3899}.Debug|ARM.ActiveCfg = Debug|Any CPU
		{C2D45B9C-E124-4A82-9005-A105184B3899}.Debug|ARM.Build.0 = Debug|Any CPU
		{C2D45B9C-E124-4A82-9005-A105184B3899}.Debug|ARM64.ActiveCfg = Debug|Any CPU
		{C2D45B9C-E124-4A82-9005-A105184B3899}.Debug|ARM64.Build.0 = Debug|Any CPU
		{C2D45B9C-E124-4A82-9005-A105184B3899}.Debug|x64.ActiveCfg = Debug|Any CPU
		{C2D45B9C-E124-4A82-9005-A105184B3899}.Debug|x64.Build.0 = Debug|Any CPU
		{C2D45B9C-E124-4A82-9005-A105184B3899}.Debug|x86.ActiveCfg = Debug|Any CPU
		{C2D45B9C-E124-4A82-9005-A105184B3899}.Debug|x86.Build.0 = Debug|Any CPU
		{C2D45B9C-E124-4A82-9005-A105184B3899}.Release|Any CPU.ActiveCfg = Release|Any CPU
		{C2D45B9C-E124-4A82-9005-A105184B3899}.Release|Any CPU.Build.0 = Release|Any CPU
		{C2D45B9C-E124-4A82-9005-A105184B3899}.Release|ARM.ActiveCfg = Release|Any CPU
		{C2D45B9C-E124-4A82-9005-A105184B3899}.Release|ARM.Build.0 = Release|Any CPU
		{C2D45B9C-E124-4A82-9005-A105184B3899}.Release|ARM64.ActiveCfg = Release|Any CPU
		{C2D45B9C-E124-4A82-9005-A105184B3899}.Release|ARM64.Build.0 = Release|Any CPU
		{C2D45B9C-E124-4A82-9005-A105184B3899}.Release|x64.ActiveCfg = Release|Any CPU
		{C2D45B9C-E124-4A82-9005-A105184B3899}.Release|x64.Build.0 = Release|Any CPU
		{C2D45B9C-E124-4A82-9005-A105184B3899}.Release|x86.ActiveCfg = Release|Any CPU
		{C2D45B9C-E124-4A82-9005-A105184B3899}.Release|x86.Build.0 = Release|Any CPU
	EndGlobalSection
	GlobalSection(SolutionProperties) = preSolution
		HideSolutionNode = FALSE
	EndGlobalSection
	GlobalSection(ExtensibilityGlobals) = postSolution
		SolutionGuid = {9114801E-E654-4BD0-B861-4C11BF21D30B}
	EndGlobalSection
EndGlobal
